// !$*UTF8*$!
{
	archiveVersion = 1;
	classes = {
	};
	objectVersion = 56;
	objects = {

/* Begin PBXBuildFile section */
		F4116F312A834661000D08E4 /* BeetListTableViewController.swift in Sources */ = {isa = PBXBuildFile; fileRef = F4116F302A834661000D08E4 /* BeetListTableViewController.swift */; };
		F4116F402A83E4A6000D08E4 /* BeerListTableViewCell.swift in Sources */ = {isa = PBXBuildFile; fileRef = F4116F3F2A83E4A6000D08E4 /* BeerListTableViewCell.swift */; };
		F452775A2A829062007CF91A /* AppDelegate.swift in Sources */ = {isa = PBXBuildFile; fileRef = F45277592A829062007CF91A /* AppDelegate.swift */; };
		F452775C2A829062007CF91A /* SceneDelegate.swift in Sources */ = {isa = PBXBuildFile; fileRef = F452775B2A829062007CF91A /* SceneDelegate.swift */; };
		F452775E2A829062007CF91A /* BeerViewController.swift in Sources */ = {isa = PBXBuildFile; fileRef = F452775D2A829062007CF91A /* BeerViewController.swift */; };
		F45277612A829062007CF91A /* Main.storyboard in Resources */ = {isa = PBXBuildFile; fileRef = F452775F2A829062007CF91A /* Main.storyboard */; };
		F45277632A829063007CF91A /* Assets.xcassets in Resources */ = {isa = PBXBuildFile; fileRef = F45277622A829063007CF91A /* Assets.xcassets */; };
		F45277662A829063007CF91A /* LaunchScreen.storyboard in Resources */ = {isa = PBXBuildFile; fileRef = F45277642A829063007CF91A /* LaunchScreen.storyboard */; };
		F452776F2A829172007CF91A /* Alamofire in Frameworks */ = {isa = PBXBuildFile; productRef = F452776E2A829172007CF91A /* Alamofire */; };
		F45277722A8291AA007CF91A /* SwiftyJSON in Frameworks */ = {isa = PBXBuildFile; productRef = F45277712A8291AA007CF91A /* SwiftyJSON */; };
		F45277752A8291B3007CF91A /* Kingfisher in Frameworks */ = {isa = PBXBuildFile; productRef = F45277742A8291B3007CF91A /* Kingfisher */; };
/* End PBXBuildFile section */

/* Begin PBXFileReference section */
		F4116F302A834661000D08E4 /* BeetListTableViewController.swift */ = {isa = PBXFileReference; lastKnownFileType = sourcecode.swift; path = BeetListTableViewController.swift; sourceTree = "<group>"; };
		F4116F3F2A83E4A6000D08E4 /* BeerListTableViewCell.swift */ = {isa = PBXFileReference; lastKnownFileType = sourcecode.swift; path = BeerListTableViewCell.swift; sourceTree = "<group>"; };
		F45277562A829062007CF91A /* Week4Network.app */ = {isa = PBXFileReference; explicitFileType = wrapper.application; includeInIndex = 0; path = Week4Network.app; sourceTree = BUILT_PRODUCTS_DIR; };
		F45277592A829062007CF91A /* AppDelegate.swift */ = {isa = PBXFileReference; lastKnownFileType = sourcecode.swift; path = AppDelegate.swift; sourceTree = "<group>"; };
		F452775B2A829062007CF91A /* SceneDelegate.swift */ = {isa = PBXFileReference; lastKnownFileType = sourcecode.swift; path = SceneDelegate.swift; sourceTree = "<group>"; };
		F452775D2A829062007CF91A /* BeerViewController.swift */ = {isa = PBXFileReference; lastKnownFileType = sourcecode.swift; path = BeerViewController.swift; sourceTree = "<group>"; };
		F45277602A829062007CF91A /* Base */ = {isa = PBXFileReference; lastKnownFileType = file.storyboard; name = Base; path = Base.lproj/Main.storyboard; sourceTree = "<group>"; };
		F45277622A829063007CF91A /* Assets.xcassets */ = {isa = PBXFileReference; lastKnownFileType = folder.assetcatalog; path = Assets.xcassets; sourceTree = "<group>"; };
		F45277652A829063007CF91A /* Base */ = {isa = PBXFileReference; lastKnownFileType = file.storyboard; name = Base; path = Base.lproj/LaunchScreen.storyboard; sourceTree = "<group>"; };
		F45277672A829063007CF91A /* Info.plist */ = {isa = PBXFileReference; lastKnownFileType = text.plist.xml; path = Info.plist; sourceTree = "<group>"; };
/* End PBXFileReference section */

/* Begin PBXFrameworksBuildPhase section */
		F45277532A829062007CF91A /* Frameworks */ = {
			isa = PBXFrameworksBuildPhase;
			buildActionMask = 2147483647;
			files = (
				F45277752A8291B3007CF91A /* Kingfisher in Frameworks */,
				F45277722A8291AA007CF91A /* SwiftyJSON in Frameworks */,
				F452776F2A829172007CF91A /* Alamofire in Frameworks */,
			);
			runOnlyForDeploymentPostprocessing = 0;
		};
/* End PBXFrameworksBuildPhase section */

/* Begin PBXGroup section */
		F452774D2A829062007CF91A = {
			isa = PBXGroup;
			children = (
				F45277582A829062007CF91A /* Week4Network */,
				F45277572A829062007CF91A /* Products */,
			);
			sourceTree = "<group>";
		};
		F45277572A829062007CF91A /* Products */ = {
			isa = PBXGroup;
			children = (
				F45277562A829062007CF91A /* Week4Network.app */,
			);
			name = Products;
			sourceTree = "<group>";
		};
		F45277582A829062007CF91A /* Week4Network */ = {
			isa = PBXGroup;
			children = (
				F45277592A829062007CF91A /* AppDelegate.swift */,
				F452775B2A829062007CF91A /* SceneDelegate.swift */,
				F452775D2A829062007CF91A /* BeerViewController.swift */,
				F452775F2A829062007CF91A /* Main.storyboard */,
				F4116F302A834661000D08E4 /* BeetListTableViewController.swift */,
				F4116F3F2A83E4A6000D08E4 /* BeerListTableViewCell.swift */,
				F45277622A829063007CF91A /* Assets.xcassets */,
				F45277642A829063007CF91A /* LaunchScreen.storyboard */,
				F45277672A829063007CF91A /* Info.plist */,
			);
			path = Week4Network;
			sourceTree = "<group>";
		};
/* End PBXGroup section */

/* Begin PBXNativeTarget section */
		F45277552A829062007CF91A /* Week4Network */ = {
			isa = PBXNativeTarget;
			buildConfigurationList = F452776A2A829063007CF91A /* Build configuration list for PBXNativeTarget "Week4Network" */;
			buildPhases = (
				F45277522A829062007CF91A /* Sources */,
				F45277532A829062007CF91A /* Frameworks */,
				F45277542A829062007CF91A /* Resources */,
			);
			buildRules = (
			);
			dependencies = (
			);
			name = Week4Network;
			packageProductDependencies = (
				F452776E2A829172007CF91A /* Alamofire */,
				F45277712A8291AA007CF91A /* SwiftyJSON */,
				F45277742A8291B3007CF91A /* Kingfisher */,
			);
			productName = Week4Network;
			productReference = F45277562A829062007CF91A /* Week4Network.app */;
			productType = "com.apple.product-type.application";
		};
/* End PBXNativeTarget section */

/* Begin PBXProject section */
		F452774E2A829062007CF91A /* Project object */ = {
			isa = PBXProject;
			attributes = {
				BuildIndependentTargetsInParallel = 1;
				LastSwiftUpdateCheck = 1430;
				LastUpgradeCheck = 1430;
				TargetAttributes = {
					F45277552A829062007CF91A = {
						CreatedOnToolsVersion = 14.3.1;
					};
				};
			};
			buildConfigurationList = F45277512A829062007CF91A /* Build configuration list for PBXProject "Week4Network" */;
			compatibilityVersion = "Xcode 14.0";
			developmentRegion = en;
			hasScannedForEncodings = 0;
			knownRegions = (
				en,
				Base,
			);
			mainGroup = F452774D2A829062007CF91A;
			packageReferences = (
				F452776D2A829172007CF91A /* XCRemoteSwiftPackageReference "Alamofire" */,
				F45277702A8291AA007CF91A /* XCRemoteSwiftPackageReference "SwiftyJSON" */,
				F45277732A8291B3007CF91A /* XCRemoteSwiftPackageReference "Kingfisher" */,
			);
			productRefGroup = F45277572A829062007CF91A /* Products */;
			projectDirPath = "";
			projectRoot = "";
			targets = (
				F45277552A829062007CF91A /* Week4Network */,
			);
		};
/* End PBXProject section */

/* Begin PBXResourcesBuildPhase section */
		F45277542A829062007CF91A /* Resources */ = {
			isa = PBXResourcesBuildPhase;
			buildActionMask = 2147483647;
			files = (
				F45277662A829063007CF91A /* LaunchScreen.storyboard in Resources */,
				F45277632A829063007CF91A /* Assets.xcassets in Resources */,
				F45277612A829062007CF91A /* Main.storyboard in Resources */,
			);
			runOnlyForDeploymentPostprocessing = 0;
		};
/* End PBXResourcesBuildPhase section */

/* Begin PBXSourcesBuildPhase section */
		F45277522A829062007CF91A /* Sources */ = {
			isa = PBXSourcesBuildPhase;
			buildActionMask = 2147483647;
			files = (
				F452775E2A829062007CF91A /* BeerViewController.swift in Sources */,
				F4116F402A83E4A6000D08E4 /* BeerListTableViewCell.swift in Sources */,
				F4116F312A834661000D08E4 /* BeetListTableViewController.swift in Sources */,
				F452775A2A829062007CF91A /* AppDelegate.swift in Sources */,
				F452775C2A829062007CF91A /* SceneDelegate.swift in Sources */,
			);
			runOnlyForDeploymentPostprocessing = 0;
		};
/* End PBXSourcesBuildPhase section */

/* Begin PBXVariantGroup section */
		F452775F2A829062007CF91A /* Main.storyboard */ = {
			isa = PBXVariantGroup;
			children = (
				F45277602A829062007CF91A /* Base */,
			);
			name = Main.storyboard;
			sourceTree = "<group>";
		};
		F45277642A829063007CF91A /* LaunchScreen.storyboard */ = {
			isa = PBXVariantGroup;
			children = (
				F45277652A829063007CF91A /* Base */,
			);
			name = LaunchScreen.storyboard;
			sourceTree = "<group>";
		};
/* End PBXVariantGroup section */

/* Begin XCBuildConfiguration section */
		F45277682A829063007CF91A /* Debug */ = {
			isa = XCBuildConfiguration;
			buildSettings = {
				ALWAYS_SEARCH_USER_PATHS = NO;
				CLANG_ANALYZER_NONNULL = YES;
				CLANG_ANALYZER_NUMBER_OBJECT_CONVERSION = YES_AGGRESSIVE;
				CLANG_CXX_LANGUAGE_STANDARD = "gnu++20";
				CLANG_ENABLE_MODULES = YES;
				CLANG_ENABLE_OBJC_ARC = YES;
				CLANG_ENABLE_OBJC_WEAK = YES;
				CLANG_WARN_BLOCK_CAPTURE_AUTORELEASING = YES;
				CLANG_WARN_BOOL_CONVERSION = YES;
				CLANG_WARN_COMMA = YES;
				CLANG_WARN_CONSTANT_CONVERSION = YES;
				CLANG_WARN_DEPRECATED_OBJC_IMPLEMENTATIONS = YES;
				CLANG_WARN_DIRECT_OBJC_ISA_USAGE = YES_ERROR;
				CLANG_WARN_DOCUMENTATION_COMMENTS = YES;
				CLANG_WARN_EMPTY_BODY = YES;
				CLANG_WARN_ENUM_CONVERSION = YES;
				CLANG_WARN_INFINITE_RECURSION = YES;
				CLANG_WARN_INT_CONVERSION = YES;
				CLANG_WARN_NON_LITERAL_NULL_CONVERSION = YES;
				CLANG_WARN_OBJC_IMPLICIT_RETAIN_SELF = YES;
				CLANG_WARN_OBJC_LITERAL_CONVERSION = YES;
				CLANG_WARN_OBJC_ROOT_CLASS = YES_ERROR;
				CLANG_WARN_QUOTED_INCLUDE_IN_FRAMEWORK_HEADER = YES;
				CLANG_WARN_RANGE_LOOP_ANALYSIS = YES;
				CLANG_WARN_STRICT_PROTOTYPES = YES;
				CLANG_WARN_SUSPICIOUS_MOVE = YES;
				CLANG_WARN_UNGUARDED_AVAILABILITY = YES_AGGRESSIVE;
				CLANG_WARN_UNREACHABLE_CODE = YES;
				CLANG_WARN__DUPLICATE_METHOD_MATCH = YES;
				COPY_PHASE_STRIP = NO;
				DEBUG_INFORMATION_FORMAT = dwarf;
				ENABLE_STRICT_OBJC_MSGSEND = YES;
				ENABLE_TESTABILITY = YES;
				GCC_C_LANGUAGE_STANDARD = gnu11;
				GCC_DYNAMIC_NO_PIC = NO;
				GCC_NO_COMMON_BLOCKS = YES;
				GCC_OPTIMIZATION_LEVEL = 0;
				GCC_PREPROCESSOR_DEFINITIONS = (
					"DEBUG=1",
					"$(inherited)",
				);
				GCC_WARN_64_TO_32_BIT_CONVERSION = YES;
				GCC_WARN_ABOUT_RETURN_TYPE = YES_ERROR;
				GCC_WARN_UNDECLARED_SELECTOR = YES;
				GCC_WARN_UNINITIALIZED_AUTOS = YES_AGGRESSIVE;
				GCC_WARN_UNUSED_FUNCTION = YES;
				GCC_WARN_UNUSED_VARIABLE = YES;
				IPHONEOS_DEPLOYMENT_TARGET = 16.4;
				MTL_ENABLE_DEBUG_INFO = INCLUDE_SOURCE;
				MTL_FAST_MATH = YES;
				ONLY_ACTIVE_ARCH = YES;
				SDKROOT = iphoneos;
				SWIFT_ACTIVE_COMPILATION_CONDITIONS = DEBUG;
				SWIFT_OPTIMIZATION_LEVEL = "-Onone";
			};
			name = Debug;
		};
		F45277692A829063007CF91A /* Release */ = {
			isa = XCBuildConfiguration;
			buildSettings = {
				ALWAYS_SEARCH_USER_PATHS = NO;
				CLANG_ANALYZER_NONNULL = YES;
				CLANG_ANALYZER_NUMBER_OBJECT_CONVERSION = YES_AGGRESSIVE;
				CLANG_CXX_LANGUAGE_STANDARD = "gnu++20";
				CLANG_ENABLE_MODULES = YES;
				CLANG_ENABLE_OBJC_ARC = YES;
				CLANG_ENABLE_OBJC_WEAK = YES;
				CLANG_WARN_BLOCK_CAPTURE_AUTORELEASING = YES;
				CLANG_WARN_BOOL_CONVERSION = YES;
				CLANG_WARN_COMMA = YES;
				CLANG_WARN_CONSTANT_CONVERSION = YES;
				CLANG_WARN_DEPRECATED_OBJC_IMPLEMENTATIONS = YES;
				CLANG_WARN_DIRECT_OBJC_ISA_USAGE = YES_ERROR;
				CLANG_WARN_DOCUMENTATION_COMMENTS = YES;
				CLANG_WARN_EMPTY_BODY = YES;
				CLANG_WARN_ENUM_CONVERSION = YES;
				CLANG_WARN_INFINITE_RECURSION = YES;
				CLANG_WARN_INT_CONVERSION = YES;
				CLANG_WARN_NON_LITERAL_NULL_CONVERSION = YES;
				CLANG_WARN_OBJC_IMPLICIT_RETAIN_SELF = YES;
				CLANG_WARN_OBJC_LITERAL_CONVERSION = YES;
				CLANG_WARN_OBJC_ROOT_CLASS = YES_ERROR;
				CLANG_WARN_QUOTED_INCLUDE_IN_FRAMEWORK_HEADER = YES;
				CLANG_WARN_RANGE_LOOP_ANALYSIS = YES;
				CLANG_WARN_STRICT_PROTOTYPES = YES;
				CLANG_WARN_SUSPICIOUS_MOVE = YES;
				CLANG_WARN_UNGUARDED_AVAILABILITY = YES_AGGRESSIVE;
				CLANG_WARN_UNREACHABLE_CODE = YES;
				CLANG_WARN__DUPLICATE_METHOD_MATCH = YES;
				COPY_PHASE_STRIP = NO;
				DEBUG_INFORMATION_FORMAT = "dwarf-with-dsym";
				ENABLE_NS_ASSERTIONS = NO;
				ENABLE_STRICT_OBJC_MSGSEND = YES;
				GCC_C_LANGUAGE_STANDARD = gnu11;
				GCC_NO_COMMON_BLOCKS = YES;
				GCC_WARN_64_TO_32_BIT_CONVERSION = YES;
				GCC_WARN_ABOUT_RETURN_TYPE = YES_ERROR;
				GCC_WARN_UNDECLARED_SELECTOR = YES;
				GCC_WARN_UNINITIALIZED_AUTOS = YES_AGGRESSIVE;
				GCC_WARN_UNUSED_FUNCTION = YES;
				GCC_WARN_UNUSED_VARIABLE = YES;
				IPHONEOS_DEPLOYMENT_TARGET = 16.4;
				MTL_ENABLE_DEBUG_INFO = NO;
				MTL_FAST_MATH = YES;
				SDKROOT = iphoneos;
				SWIFT_COMPILATION_MODE = wholemodule;
				SWIFT_OPTIMIZATION_LEVEL = "-O";
				VALIDATE_PRODUCT = YES;
			};
			name = Release;
		};
		F452776B2A829063007CF91A /* Debug */ = {
			isa = XCBuildConfiguration;
			buildSettings = {
				ASSETCATALOG_COMPILER_APPICON_NAME = AppIcon;
				ASSETCATALOG_COMPILER_GLOBAL_ACCENT_COLOR_NAME = AccentColor;
				CODE_SIGN_STYLE = Automatic;
				CURRENT_PROJECT_VERSION = 1;
				GENERATE_INFOPLIST_FILE = YES;
				INFOPLIST_FILE = Week4Network/Info.plist;
				INFOPLIST_KEY_UIApplicationSupportsIndirectInputEvents = YES;
				INFOPLIST_KEY_UILaunchStoryboardName = LaunchScreen;
				INFOPLIST_KEY_UIMainStoryboardFile = Main;
				INFOPLIST_KEY_UISupportedInterfaceOrientations_iPad = "UIInterfaceOrientationPortrait UIInterfaceOrientationPortraitUpsideDown UIInterfaceOrientationLandscapeLeft UIInterfaceOrientationLandscapeRight";
				INFOPLIST_KEY_UISupportedInterfaceOrientations_iPhone = "UIInterfaceOrientationPortrait UIInterfaceOrientationLandscapeLeft UIInterfaceOrientationLandscapeRight";
				LD_RUNPATH_SEARCH_PATHS = (
					"$(inherited)",
					"@executable_path/Frameworks",
				);
				MARKETING_VERSION = 1.0;
				PRODUCT_BUNDLE_IDENTIFIER = com.Jeong.Week4Network;
				PRODUCT_NAME = "$(TARGET_NAME)";
				SUPPORTED_PLATFORMS = "iphoneos iphonesimulator";
				SUPPORTS_MACCATALYST = NO;
				SUPPORTS_MAC_DESIGNED_FOR_IPHONE_IPAD = NO;
				SWIFT_EMIT_LOC_STRINGS = YES;
				SWIFT_VERSION = 5.0;
				TARGETED_DEVICE_FAMILY = 1;
			};
			name = Debug;
		};
		F452776C2A829063007CF91A /* Release */ = {
			isa = XCBuildConfiguration;
			buildSettings = {
				ASSETCATALOG_COMPILER_APPICON_NAME = AppIcon;
				ASSETCATALOG_COMPILER_GLOBAL_ACCENT_COLOR_NAME = AccentColor;
				CODE_SIGN_STYLE = Automatic;
				CURRENT_PROJECT_VERSION = 1;
				GENERATE_INFOPLIST_FILE = YES;
				INFOPLIST_FILE = Week4Network/Info.plist;
				INFOPLIST_KEY_UIApplicationSupportsIndirectInputEvents = YES;
				INFOPLIST_KEY_UILaunchStoryboardName = LaunchScreen;
				INFOPLIST_KEY_UIMainStoryboardFile = Main;
				INFOPLIST_KEY_UISupportedInterfaceOrientations_iPad = "UIInterfaceOrientationPortrait UIInterfaceOrientationPortraitUpsideDown UIInterfaceOrientationLandscapeLeft UIInterfaceOrientationLandscapeRight";
				INFOPLIST_KEY_UISupportedInterfaceOrientations_iPhone = "UIInterfaceOrientationPortrait UIInterfaceOrientationLandscapeLeft UIInterfaceOrientationLandscapeRight";
				LD_RUNPATH_SEARCH_PATHS = (
					"$(inherited)",
					"@executable_path/Frameworks",
				);
				MARKETING_VERSION = 1.0;
				PRODUCT_BUNDLE_IDENTIFIER = com.Jeong.Week4Network;
				PRODUCT_NAME = "$(TARGET_NAME)";
				SUPPORTED_PLATFORMS = "iphoneos iphonesimulator";
				SUPPORTS_MACCATALYST = NO;
				SUPPORTS_MAC_DESIGNED_FOR_IPHONE_IPAD = NO;
				SWIFT_EMIT_LOC_STRINGS = YES;
				SWIFT_VERSION = 5.0;
				TARGETED_DEVICE_FAMILY = 1;
			};
			name = Release;
		};
/* End XCBuildConfiguration section */

/* Begin XCConfigurationList section */
		F45277512A829062007CF91A /* Build configuration list for PBXProject "Week4Network" */ = {
			isa = XCConfigurationList;
			buildConfigurations = (
				F45277682A829063007CF91A /* Debug */,
				F45277692A829063007CF91A /* Release */,
			);
			defaultConfigurationIsVisible = 0;
			defaultConfigurationName = Release;
		};
		F452776A2A829063007CF91A /* Build configuration list for PBXNativeTarget "Week4Network" */ = {
			isa = XCConfigurationList;
			buildConfigurations = (
				F452776B2A829063007CF91A /* Debug */,
				F452776C2A829063007CF91A /* Release */,
			);
			defaultConfigurationIsVisible = 0;
			defaultConfigurationName = Release;
		};
/* End XCConfigurationList section */

/* Begin XCRemoteSwiftPackageReference section */
		F452776D2A829172007CF91A /* XCRemoteSwiftPackageReference "Alamofire" */ = {
			isa = XCRemoteSwiftPackageReference;
			repositoryURL = "https://github.com/Alamofire/Alamofire.git";
			requirement = {
				kind = upToNextMajorVersion;
				minimumVersion = 5.0.0;
			};
		};
		F45277702A8291AA007CF91A /* XCRemoteSwiftPackageReference "SwiftyJSON" */ = {
			isa = XCRemoteSwiftPackageReference;
			repositoryURL = "https://github.com/SwiftyJSON/SwiftyJSON.git";
			requirement = {
				kind = upToNextMajorVersion;
				minimumVersion = 5.0.0;
			};
		};
		F45277732A8291B3007CF91A /* XCRemoteSwiftPackageReference "Kingfisher" */ = {
			isa = XCRemoteSwiftPackageReference;
			repositoryURL = "https://github.com/onevcat/Kingfisher";
			requirement = {
				kind = upToNextMajorVersion;
				minimumVersion = 7.0.0;
			};
		};
/* End XCRemoteSwiftPackageReference section */

/* Begin XCSwiftPackageProductDependency section */
		F452776E2A829172007CF91A /* Alamofire */ = {
			isa = XCSwiftPackageProductDependency;
			package = F452776D2A829172007CF91A /* XCRemoteSwiftPackageReference "Alamofire" */;
			productName = Alamofire;
		};
		F45277712A8291AA007CF91A /* SwiftyJSON */ = {
			isa = XCSwiftPackageProductDependency;
			package = F45277702A8291AA007CF91A /* XCRemoteSwiftPackageReference "SwiftyJSON" */;
			productName = SwiftyJSON;
		};
		F45277742A8291B3007CF91A /* Kingfisher */ = {
			isa = XCSwiftPackageProductDependency;
			package = F45277732A8291B3007CF91A /* XCRemoteSwiftPackageReference "Kingfisher" */;
			productName = Kingfisher;
		};
/* End XCSwiftPackageProductDependency section */
	};
	rootObject = F452774E2A829062007CF91A /* Project object */;
}
